// !$*UTF8*$!
{
	archiveVersion = 1;
	classes = {
	};
	objectVersion = 56;
	objects = {

/* Begin PBXBuildFile section */
		3862EB4929C2453600E3DDAE /* AppDelegate.swift in Sources */ = {isa = PBXBuildFile; fileRef = 3862EB4829C2453600E3DDAE /* AppDelegate.swift */; };
		3862EB4B29C2453600E3DDAE /* SceneDelegate.swift in Sources */ = {isa = PBXBuildFile; fileRef = 3862EB4A29C2453600E3DDAE /* SceneDelegate.swift */; };
		3862EB4D29C2453600E3DDAE /* ViewController.swift in Sources */ = {isa = PBXBuildFile; fileRef = 3862EB4C29C2453600E3DDAE /* ViewController.swift */; };
		3862EB5029C2453600E3DDAE /* Main.storyboard in Resources */ = {isa = PBXBuildFile; fileRef = 3862EB4E29C2453600E3DDAE /* Main.storyboard */; };
		3862EB5229C2453700E3DDAE /* Assets.xcassets in Resources */ = {isa = PBXBuildFile; fileRef = 3862EB5129C2453700E3DDAE /* Assets.xcassets */; };
		3862EB5529C2453700E3DDAE /* LaunchScreen.storyboard in Resources */ = {isa = PBXBuildFile; fileRef = 3862EB5329C2453700E3DDAE /* LaunchScreen.storyboard */; };
		3862EB6029C2453700E3DDAE /* UdderTests.swift in Sources */ = {isa = PBXBuildFile; fileRef = 3862EB5F29C2453700E3DDAE /* UdderTests.swift */; };
		3862EB6A29C2453700E3DDAE /* UdderUITests.swift in Sources */ = {isa = PBXBuildFile; fileRef = 3862EB6929C2453700E3DDAE /* UdderUITests.swift */; };
		3862EB6C29C2453700E3DDAE /* UdderUITestsLaunchTests.swift in Sources */ = {isa = PBXBuildFile; fileRef = 3862EB6B29C2453700E3DDAE /* UdderUITestsLaunchTests.swift */; };
/* End PBXBuildFile section */

/* Begin PBXContainerItemProxy section */
		3862EB5C29C2453700E3DDAE /* PBXContainerItemProxy */ = {
			isa = PBXContainerItemProxy;
			containerPortal = 3862EB3D29C2453600E3DDAE /* Project object */;
			proxyType = 1;
			remoteGlobalIDString = 3862EB4429C2453600E3DDAE;
			remoteInfo = Udder;
		};
		3862EB6629C2453700E3DDAE /* PBXContainerItemProxy */ = {
			isa = PBXContainerItemProxy;
			containerPortal = 3862EB3D29C2453600E3DDAE /* Project object */;
			proxyType = 1;
			remoteGlobalIDString = 3862EB4429C2453600E3DDAE;
			remoteInfo = Udder;
		};
/* End PBXContainerItemProxy section */

/* Begin PBXFileReference section */
		3862EB4529C2453600E3DDAE /* Udder.app */ = {isa = PBXFileReference; explicitFileType = wrapper.application; includeInIndex = 0; path = Udder.app; sourceTree = BUILT_PRODUCTS_DIR; };
		3862EB4829C2453600E3DDAE /* AppDelegate.swift */ = {isa = PBXFileReference; lastKnownFileType = sourcecode.swift; path = AppDelegate.swift; sourceTree = "<group>"; };
		3862EB4A29C2453600E3DDAE /* SceneDelegate.swift */ = {isa = PBXFileReference; lastKnownFileType = sourcecode.swift; path = SceneDelegate.swift; sourceTree = "<group>"; };
		3862EB4C29C2453600E3DDAE /* ViewController.swift */ = {isa = PBXFileReference; lastKnownFileType = sourcecode.swift; path = ViewController.swift; sourceTree = "<group>"; };
		3862EB4F29C2453600E3DDAE /* Base */ = {isa = PBXFileReference; lastKnownFileType = file.storyboard; name = Base; path = Base.lproj/Main.storyboard; sourceTree = "<group>"; };
		3862EB5129C2453700E3DDAE /* Assets.xcassets */ = {isa = PBXFileReference; lastKnownFileType = folder.assetcatalog; path = Assets.xcassets; sourceTree = "<group>"; };
		3862EB5429C2453700E3DDAE /* Base */ = {isa = PBXFileReference; lastKnownFileType = file.storyboard; name = Base; path = Base.lproj/LaunchScreen.storyboard; sourceTree = "<group>"; };
		3862EB5629C2453700E3DDAE /* Info.plist */ = {isa = PBXFileReference; lastKnownFileType = text.plist.xml; path = Info.plist; sourceTree = "<group>"; };
		3862EB5B29C2453700E3DDAE /* UdderTests.xctest */ = {isa = PBXFileReference; explicitFileType = wrapper.cfbundle; includeInIndex = 0; path = UdderTests.xctest; sourceTree = BUILT_PRODUCTS_DIR; };
		3862EB5F29C2453700E3DDAE /* UdderTests.swift */ = {isa = PBXFileReference; lastKnownFileType = sourcecode.swift; path = UdderTests.swift; sourceTree = "<group>"; };
		3862EB6529C2453700E3DDAE /* UdderUITests.xctest */ = {isa = PBXFileReference; explicitFileType = wrapper.cfbundle; includeInIndex = 0; path = UdderUITests.xctest; sourceTree = BUILT_PRODUCTS_DIR; };
		3862EB6929C2453700E3DDAE /* UdderUITests.swift */ = {isa = PBXFileReference; lastKnownFileType = sourcecode.swift; path = UdderUITests.swift; sourceTree = "<group>"; };
		3862EB6B29C2453700E3DDAE /* UdderUITestsLaunchTests.swift */ = {isa = PBXFileReference; lastKnownFileType = sourcecode.swift; path = UdderUITestsLaunchTests.swift; sourceTree = "<group>"; };
/* End PBXFileReference section */

/* Begin PBXFrameworksBuildPhase section */
		3862EB4229C2453600E3DDAE /* Frameworks */ = {
			isa = PBXFrameworksBuildPhase;
			buildActionMask = 2147483647;
			files = (
			);
			runOnlyForDeploymentPostprocessing = 0;
		};
		3862EB5829C2453700E3DDAE /* Frameworks */ = {
			isa = PBXFrameworksBuildPhase;
			buildActionMask = 2147483647;
			files = (
			);
			runOnlyForDeploymentPostprocessing = 0;
		};
		3862EB6229C2453700E3DDAE /* Frameworks */ = {
			isa = PBXFrameworksBuildPhase;
			buildActionMask = 2147483647;
			files = (
			);
			runOnlyForDeploymentPostprocessing = 0;
		};
/* End PBXFrameworksBuildPhase section */

/* Begin PBXGroup section */
		3862EB3C29C2453600E3DDAE = {
			isa = PBXGroup;
			children = (
				3862EB4729C2453600E3DDAE /* Udder */,
				3862EB5E29C2453700E3DDAE /* UdderTests */,
				3862EB6829C2453700E3DDAE /* UdderUITests */,
				3862EB4629C2453600E3DDAE /* Products */,
			);
			sourceTree = "<group>";
		};
		3862EB4629C2453600E3DDAE /* Products */ = {
			isa = PBXGroup;
			children = (
				3862EB4529C2453600E3DDAE /* Udder.app */,
				3862EB5B29C2453700E3DDAE /* UdderTests.xctest */,
				3862EB6529C2453700E3DDAE /* UdderUITests.xctest */,
			);
			name = Products;
			sourceTree = "<group>";
		};
		3862EB4729C2453600E3DDAE /* Udder */ = {
			isa = PBXGroup;
			children = (
				3862EB4829C2453600E3DDAE /* AppDelegate.swift */,
				3862EB4A29C2453600E3DDAE /* SceneDelegate.swift */,
				3862EB4C29C2453600E3DDAE /* ViewController.swift */,
				3862EB4E29C2453600E3DDAE /* Main.storyboard */,
				3862EB5129C2453700E3DDAE /* Assets.xcassets */,
				3862EB5329C2453700E3DDAE /* LaunchScreen.storyboard */,
				3862EB5629C2453700E3DDAE /* Info.plist */,
			);
			path = Udder;
			sourceTree = "<group>";
		};
		3862EB5E29C2453700E3DDAE /* UdderTests */ = {
			isa = PBXGroup;
			children = (
				3862EB5F29C2453700E3DDAE /* UdderTests.swift */,
			);
			path = UdderTests;
			sourceTree = "<group>";
		};
		3862EB6829C2453700E3DDAE /* UdderUITests */ = {
			isa = PBXGroup;
			children = (
				3862EB6929C2453700E3DDAE /* UdderUITests.swift */,
				3862EB6B29C2453700E3DDAE /* UdderUITestsLaunchTests.swift */,
			);
			path = UdderUITests;
			sourceTree = "<group>";
		};
/* End PBXGroup section */

/* Begin PBXNativeTarget section */
		3862EB4429C2453600E3DDAE /* Udder */ = {
			isa = PBXNativeTarget;
			buildConfigurationList = 3862EB6F29C2453700E3DDAE /* Build configuration list for PBXNativeTarget "Udder" */;
			buildPhases = (
				3862EB4129C2453600E3DDAE /* Sources */,
				3862EB4229C2453600E3DDAE /* Frameworks */,
				3862EB4329C2453600E3DDAE /* Resources */,
			);
			buildRules = (
			);
			dependencies = (
			);
			name = Udder;
			productName = Udder;
			productReference = 3862EB4529C2453600E3DDAE /* Udder.app */;
			productType = "com.apple.product-type.application";
		};
		3862EB5A29C2453700E3DDAE /* UdderTests */ = {
			isa = PBXNativeTarget;
			buildConfigurationList = 3862EB7229C2453700E3DDAE /* Build configuration list for PBXNativeTarget "UdderTests" */;
			buildPhases = (
				3862EB5729C2453700E3DDAE /* Sources */,
				3862EB5829C2453700E3DDAE /* Frameworks */,
				3862EB5929C2453700E3DDAE /* Resources */,
			);
			buildRules = (
			);
			dependencies = (
				3862EB5D29C2453700E3DDAE /* PBXTargetDependency */,
			);
			name = UdderTests;
			productName = UdderTests;
			productReference = 3862EB5B29C2453700E3DDAE /* UdderTests.xctest */;
			productType = "com.apple.product-type.bundle.unit-test";
		};
		3862EB6429C2453700E3DDAE /* UdderUITests */ = {
			isa = PBXNativeTarget;
			buildConfigurationList = 3862EB7529C2453700E3DDAE /* Build configuration list for PBXNativeTarget "UdderUITests" */;
			buildPhases = (
				3862EB6129C2453700E3DDAE /* Sources */,
				3862EB6229C2453700E3DDAE /* Frameworks */,
				3862EB6329C2453700E3DDAE /* Resources */,
			);
			buildRules = (
			);
			dependencies = (
				3862EB6729C2453700E3DDAE /* PBXTargetDependency */,
			);
			name = UdderUITests;
			productName = UdderUITests;
			productReference = 3862EB6529C2453700E3DDAE /* UdderUITests.xctest */;
			productType = "com.apple.product-type.bundle.ui-testing";
		};
/* End PBXNativeTarget section */

/* Begin PBXProject section */
		3862EB3D29C2453600E3DDAE /* Project object */ = {
			isa = PBXProject;
			attributes = {
				BuildIndependentTargetsInParallel = 1;
				LastSwiftUpdateCheck = 1420;
				LastUpgradeCheck = 1420;
				TargetAttributes = {
					3862EB4429C2453600E3DDAE = {
						CreatedOnToolsVersion = 14.2;
					};
					3862EB5A29C2453700E3DDAE = {
						CreatedOnToolsVersion = 14.2;
						TestTargetID = 3862EB4429C2453600E3DDAE;
					};
					3862EB6429C2453700E3DDAE = {
						CreatedOnToolsVersion = 14.2;
						TestTargetID = 3862EB4429C2453600E3DDAE;
					};
				};
			};
			buildConfigurationList = 3862EB4029C2453600E3DDAE /* Build configuration list for PBXProject "Udder" */;
			compatibilityVersion = "Xcode 14.0";
			developmentRegion = en;
			hasScannedForEncodings = 0;
			knownRegions = (
				en,
				Base,
			);
			mainGroup = 3862EB3C29C2453600E3DDAE;
			productRefGroup = 3862EB4629C2453600E3DDAE /* Products */;
			projectDirPath = "";
			projectRoot = "";
			targets = (
				3862EB4429C2453600E3DDAE /* Udder */,
				3862EB5A29C2453700E3DDAE /* UdderTests */,
				3862EB6429C2453700E3DDAE /* UdderUITests */,
			);
		};
/* End PBXProject section */

/* Begin PBXResourcesBuildPhase section */
		3862EB4329C2453600E3DDAE /* Resources */ = {
			isa = PBXResourcesBuildPhase;
			buildActionMask = 2147483647;
			files = (
				3862EB5529C2453700E3DDAE /* LaunchScreen.storyboard in Resources */,
				3862EB5229C2453700E3DDAE /* Assets.xcassets in Resources */,
				3862EB5029C2453600E3DDAE /* Main.storyboard in Resources */,
			);
			runOnlyForDeploymentPostprocessing = 0;
		};
		3862EB5929C2453700E3DDAE /* Resources */ = {
			isa = PBXResourcesBuildPhase;
			buildActionMask = 2147483647;
			files = (
			);
			runOnlyForDeploymentPostprocessing = 0;
		};
		3862EB6329C2453700E3DDAE /* Resources */ = {
			isa = PBXResourcesBuildPhase;
			buildActionMask = 2147483647;
			files = (
			);
			runOnlyForDeploymentPostprocessing = 0;
		};
/* End PBXResourcesBuildPhase section */

/* Begin PBXSourcesBuildPhase section */
		3862EB4129C2453600E3DDAE /* Sources */ = {
			isa = PBXSourcesBuildPhase;
			buildActionMask = 2147483647;
			files = (
				3862EB4D29C2453600E3DDAE /* ViewController.swift in Sources */,
				3862EB4929C2453600E3DDAE /* AppDelegate.swift in Sources */,
				3862EB4B29C2453600E3DDAE /* SceneDelegate.swift in Sources */,
			);
			runOnlyForDeploymentPostprocessing = 0;
		};
		3862EB5729C2453700E3DDAE /* Sources */ = {
			isa = PBXSourcesBuildPhase;
			buildActionMask = 2147483647;
			files = (
				3862EB6029C2453700E3DDAE /* UdderTests.swift in Sources */,
			);
			runOnlyForDeploymentPostprocessing = 0;
		};
		3862EB6129C2453700E3DDAE /* Sources */ = {
			isa = PBXSourcesBuildPhase;
			buildActionMask = 2147483647;
			files = (
				3862EB6A29C2453700E3DDAE /* UdderUITests.swift in Sources */,
				3862EB6C29C2453700E3DDAE /* UdderUITestsLaunchTests.swift in Sources */,
			);
			runOnlyForDeploymentPostprocessing = 0;
		};
/* End PBXSourcesBuildPhase section */

/* Begin PBXTargetDependency section */
		3862EB5D29C2453700E3DDAE /* PBXTargetDependency */ = {
			isa = PBXTargetDependency;
			target = 3862EB4429C2453600E3DDAE /* Udder */;
			targetProxy = 3862EB5C29C2453700E3DDAE /* PBXContainerItemProxy */;
		};
		3862EB6729C2453700E3DDAE /* PBXTargetDependency */ = {
			isa = PBXTargetDependency;
			target = 3862EB4429C2453600E3DDAE /* Udder */;
			targetProxy = 3862EB6629C2453700E3DDAE /* PBXContainerItemProxy */;
		};
/* End PBXTargetDependency section */

/* Begin PBXVariantGroup section */
		3862EB4E29C2453600E3DDAE /* Main.storyboard */ = {
			isa = PBXVariantGroup;
			children = (
				3862EB4F29C2453600E3DDAE /* Base */,
			);
			name = Main.storyboard;
			sourceTree = "<group>";
		};
		3862EB5329C2453700E3DDAE /* LaunchScreen.storyboard */ = {
			isa = PBXVariantGroup;
			children = (
				3862EB5429C2453700E3DDAE /* Base */,
			);
			name = LaunchScreen.storyboard;
			sourceTree = "<group>";
		};
/* End PBXVariantGroup section */

/* Begin XCBuildConfiguration section */
		3862EB6D29C2453700E3DDAE /* Debug */ = {
			isa = XCBuildConfiguration;
			buildSettings = {
				ALWAYS_SEARCH_USER_PATHS = NO;
				CLANG_ANALYZER_NONNULL = YES;
				CLANG_ANALYZER_NUMBER_OBJECT_CONVERSION = YES_AGGRESSIVE;
				CLANG_CXX_LANGUAGE_STANDARD = "gnu++20";
				CLANG_ENABLE_MODULES = YES;
				CLANG_ENABLE_OBJC_ARC = YES;
				CLANG_ENABLE_OBJC_WEAK = YES;
				CLANG_WARN_BLOCK_CAPTURE_AUTORELEASING = YES;
				CLANG_WARN_BOOL_CONVERSION = YES;
				CLANG_WARN_COMMA = YES;
				CLANG_WARN_CONSTANT_CONVERSION = YES;
				CLANG_WARN_DEPRECATED_OBJC_IMPLEMENTATIONS = YES;
				CLANG_WARN_DIRECT_OBJC_ISA_USAGE = YES_ERROR;
				CLANG_WARN_DOCUMENTATION_COMMENTS = YES;
				CLANG_WARN_EMPTY_BODY = YES;
				CLANG_WARN_ENUM_CONVERSION = YES;
				CLANG_WARN_INFINITE_RECURSION = YES;
				CLANG_WARN_INT_CONVERSION = YES;
				CLANG_WARN_NON_LITERAL_NULL_CONVERSION = YES;
				CLANG_WARN_OBJC_IMPLICIT_RETAIN_SELF = YES;
				CLANG_WARN_OBJC_LITERAL_CONVERSION = YES;
				CLANG_WARN_OBJC_ROOT_CLASS = YES_ERROR;
				CLANG_WARN_QUOTED_INCLUDE_IN_FRAMEWORK_HEADER = YES;
				CLANG_WARN_RANGE_LOOP_ANALYSIS = YES;
				CLANG_WARN_STRICT_PROTOTYPES = YES;
				CLANG_WARN_SUSPICIOUS_MOVE = YES;
				CLANG_WARN_UNGUARDED_AVAILABILITY = YES_AGGRESSIVE;
				CLANG_WARN_UNREACHABLE_CODE = YES;
				CLANG_WARN__DUPLICATE_METHOD_MATCH = YES;
				COPY_PHASE_STRIP = NO;
				DEBUG_INFORMATION_FORMAT = dwarf;
				ENABLE_STRICT_OBJC_MSGSEND = YES;
				ENABLE_TESTABILITY = YES;
				GCC_C_LANGUAGE_STANDARD = gnu11;
				GCC_DYNAMIC_NO_PIC = NO;
				GCC_NO_COMMON_BLOCKS = YES;
				GCC_OPTIMIZATION_LEVEL = 0;
				GCC_PREPROCESSOR_DEFINITIONS = (
					"DEBUG=1",
					"$(inherited)",
				);
				GCC_WARN_64_TO_32_BIT_CONVERSION = YES;
				GCC_WARN_ABOUT_RETURN_TYPE = YES_ERROR;
				GCC_WARN_UNDECLARED_SELECTOR = YES;
				GCC_WARN_UNINITIALIZED_AUTOS = YES_AGGRESSIVE;
				GCC_WARN_UNUSED_FUNCTION = YES;
				GCC_WARN_UNUSED_VARIABLE = YES;
				IPHONEOS_DEPLOYMENT_TARGET = 16.2;
				MTL_ENABLE_DEBUG_INFO = INCLUDE_SOURCE;
				MTL_FAST_MATH = YES;
				ONLY_ACTIVE_ARCH = YES;
				SDKROOT = iphoneos;
				SWIFT_ACTIVE_COMPILATION_CONDITIONS = DEBUG;
				SWIFT_OPTIMIZATION_LEVEL = "-Onone";
			};
			name = Debug;
		};
		3862EB6E29C2453700E3DDAE /* Release */ = {
			isa = XCBuildConfiguration;
			buildSettings = {
				ALWAYS_SEARCH_USER_PATHS = NO;
				CLANG_ANALYZER_NONNULL = YES;
				CLANG_ANALYZER_NUMBER_OBJECT_CONVERSION = YES_AGGRESSIVE;
				CLANG_CXX_LANGUAGE_STANDARD = "gnu++20";
				CLANG_ENABLE_MODULES = YES;
				CLANG_ENABLE_OBJC_ARC = YES;
				CLANG_ENABLE_OBJC_WEAK = YES;
				CLANG_WARN_BLOCK_CAPTURE_AUTORELEASING = YES;
				CLANG_WARN_BOOL_CONVERSION = YES;
				CLANG_WARN_COMMA = YES;
				CLANG_WARN_CONSTANT_CONVERSION = YES;
				CLANG_WARN_DEPRECATED_OBJC_IMPLEMENTATIONS = YES;
				CLANG_WARN_DIRECT_OBJC_ISA_USAGE = YES_ERROR;
				CLANG_WARN_DOCUMENTATION_COMMENTS = YES;
				CLANG_WARN_EMPTY_BODY = YES;
				CLANG_WARN_ENUM_CONVERSION = YES;
				CLANG_WARN_INFINITE_RECURSION = YES;
				CLANG_WARN_INT_CONVERSION = YES;
				CLANG_WARN_NON_LITERAL_NULL_CONVERSION = YES;
				CLANG_WARN_OBJC_IMPLICIT_RETAIN_SELF = YES;
				CLANG_WARN_OBJC_LITERAL_CONVERSION = YES;
				CLANG_WARN_OBJC_ROOT_CLASS = YES_ERROR;
				CLANG_WARN_QUOTED_INCLUDE_IN_FRAMEWORK_HEADER = YES;
				CLANG_WARN_RANGE_LOOP_ANALYSIS = YES;
				CLANG_WARN_STRICT_PROTOTYPES = YES;
				CLANG_WARN_SUSPICIOUS_MOVE = YES;
				CLANG_WARN_UNGUARDED_AVAILABILITY = YES_AGGRESSIVE;
				CLANG_WARN_UNREACHABLE_CODE = YES;
				CLANG_WARN__DUPLICATE_METHOD_MATCH = YES;
				COPY_PHASE_STRIP = NO;
				DEBUG_INFORMATION_FORMAT = "dwarf-with-dsym";
				ENABLE_NS_ASSERTIONS = NO;
				ENABLE_STRICT_OBJC_MSGSEND = YES;
				GCC_C_LANGUAGE_STANDARD = gnu11;
				GCC_NO_COMMON_BLOCKS = YES;
				GCC_WARN_64_TO_32_BIT_CONVERSION = YES;
				GCC_WARN_ABOUT_RETURN_TYPE = YES_ERROR;
				GCC_WARN_UNDECLARED_SELECTOR = YES;
				GCC_WARN_UNINITIALIZED_AUTOS = YES_AGGRESSIVE;
				GCC_WARN_UNUSED_FUNCTION = YES;
				GCC_WARN_UNUSED_VARIABLE = YES;
				IPHONEOS_DEPLOYMENT_TARGET = 16.2;
				MTL_ENABLE_DEBUG_INFO = NO;
				MTL_FAST_MATH = YES;
				SDKROOT = iphoneos;
				SWIFT_COMPILATION_MODE = wholemodule;
				SWIFT_OPTIMIZATION_LEVEL = "-O";
				VALIDATE_PRODUCT = YES;
			};
			name = Release;
		};
		3862EB7029C2453700E3DDAE /* Debug */ = {
			isa = XCBuildConfiguration;
			buildSettings = {
				ASSETCATALOG_COMPILER_APPICON_NAME = AppIcon;
				ASSETCATALOG_COMPILER_GLOBAL_ACCENT_COLOR_NAME = AccentColor;
				CODE_SIGN_STYLE = Automatic;
				CURRENT_PROJECT_VERSION = 1;
				GENERATE_INFOPLIST_FILE = YES;
				INFOPLIST_FILE = Udder/Info.plist;
				INFOPLIST_KEY_UIApplicationSupportsIndirectInputEvents = YES;
				INFOPLIST_KEY_UILaunchStoryboardName = LaunchScreen;
				INFOPLIST_KEY_UIMainStoryboardFile = Main;
				INFOPLIST_KEY_UISupportedInterfaceOrientations_iPad = "UIInterfaceOrientationPortrait UIInterfaceOrientationPortraitUpsideDown UIInterfaceOrientationLandscapeLeft UIInterfaceOrientationLandscapeRight";
				INFOPLIST_KEY_UISupportedInterfaceOrientations_iPhone = "UIInterfaceOrientationPortrait UIInterfaceOrientationLandscapeLeft UIInterfaceOrientationLandscapeRight";
				LD_RUNPATH_SEARCH_PATHS = (
					"$(inherited)",
					"@executable_path/Frameworks",
				);
				MARKETING_VERSION = 1.0;
				PRODUCT_BUNDLE_IDENTIFIER = com.grey.Udder;
				PRODUCT_NAME = "$(TARGET_NAME)";
				SWIFT_EMIT_LOC_STRINGS = YES;
				SWIFT_VERSION = 5.0;
				TARGETED_DEVICE_FAMILY = "1,2";
			};
			name = Debug;
		};
		3862EB7129C2453700E3DDAE /* Release */ = {
			isa = XCBuildConfiguration;
			buildSettings = {
				ASSETCATALOG_COMPILER_APPICON_NAME = AppIcon;
				ASSETCATALOG_COMPILER_GLOBAL_ACCENT_COLOR_NAME = AccentColor;
				CODE_SIGN_STYLE = Automatic;
				CURRENT_PROJECT_VERSION = 1;
				GENERATE_INFOPLIST_FILE = YES;
				INFOPLIST_FILE = Udder/Info.plist;
				INFOPLIST_KEY_UIApplicationSupportsIndirectInputEvents = YES;
				INFOPLIST_KEY_UILaunchStoryboardName = LaunchScreen;
				INFOPLIST_KEY_UIMainStoryboardFile = Main;
				INFOPLIST_KEY_UISupportedInterfaceOrientations_iPad = "UIInterfaceOrientationPortrait UIInterfaceOrientationPortraitUpsideDown UIInterfaceOrientationLandscapeLeft UIInterfaceOrientationLandscapeRight";
				INFOPLIST_KEY_UISupportedInterfaceOrientations_iPhone = "UIInterfaceOrientationPortrait UIInterfaceOrientationLandscapeLeft UIInterfaceOrientationLandscapeRight";
				LD_RUNPATH_SEARCH_PATHS = (
					"$(inherited)",
					"@executable_path/Frameworks",
				);
				MARKETING_VERSION = 1.0;
				PRODUCT_BUNDLE_IDENTIFIER = com.grey.Udder;
				PRODUCT_NAME = "$(TARGET_NAME)";
				SWIFT_EMIT_LOC_STRINGS = YES;
				SWIFT_VERSION = 5.0;
				TARGETED_DEVICE_FAMILY = "1,2";
			};
			name = Release;
		};
		3862EB7329C2453700E3DDAE /* Debug */ = {
			isa = XCBuildConfiguration;
			buildSettings = {
				ALWAYS_EMBED_SWIFT_STANDARD_LIBRARIES = YES;
				BUNDLE_LOADER = "$(TEST_HOST)";
				CODE_SIGN_STYLE = Automatic;
				CURRENT_PROJECT_VERSION = 1;
				GENERATE_INFOPLIST_FILE = YES;
				IPHONEOS_DEPLOYMENT_TARGET = 16.2;
				MARKETING_VERSION = 1.0;
				PRODUCT_BUNDLE_IDENTIFIER = com.grey.UdderTests;
				PRODUCT_NAME = "$(TARGET_NAME)";
				SWIFT_EMIT_LOC_STRINGS = NO;
				SWIFT_VERSION = 5.0;
				TARGETED_DEVICE_FAMILY = "1,2";
				TEST_HOST = "$(BUILT_PRODUCTS_DIR)/Udder.app/$(BUNDLE_EXECUTABLE_FOLDER_PATH)/Udder";
			};
			name = Debug;
		};
		3862EB7429C2453700E3DDAE /* Release */ = {
			isa = XCBuildConfiguration;
			buildSettings = {
				ALWAYS_EMBED_SWIFT_STANDARD_LIBRARIES = YES;
				BUNDLE_LOADER = "$(TEST_HOST)";
				CODE_SIGN_STYLE = Automatic;
				CURRENT_PROJECT_VERSION = 1;
				GENERATE_INFOPLIST_FILE = YES;
				IPHONEOS_DEPLOYMENT_TARGET = 16.2;
				MARKETING_VERSION = 1.0;
				PRODUCT_BUNDLE_IDENTIFIER = com.grey.UdderTests;
				PRODUCT_NAME = "$(TARGET_NAME)";
				SWIFT_EMIT_LOC_STRINGS = NO;
				SWIFT_VERSION = 5.0;
				TARGETED_DEVICE_FAMILY = "1,2";
				TEST_HOST = "$(BUILT_PRODUCTS_DIR)/Udder.app/$(BUNDLE_EXECUTABLE_FOLDER_PATH)/Udder";
			};
			name = Release;
		};
		3862EB7629C2453700E3DDAE /* Debug */ = {
			isa = XCBuildConfiguration;
			buildSettings = {
				ALWAYS_EMBED_SWIFT_STANDARD_LIBRARIES = YES;
				CODE_SIGN_STYLE = Automatic;
				CURRENT_PROJECT_VERSION = 1;
				GENERATE_INFOPLIST_FILE = YES;
				MARKETING_VERSION = 1.0;
				PRODUCT_BUNDLE_IDENTIFIER = com.grey.UdderUITests;
				PRODUCT_NAME = "$(TARGET_NAME)";
				SWIFT_EMIT_LOC_STRINGS = NO;
				SWIFT_VERSION = 5.0;
				TARGETED_DEVICE_FAMILY = "1,2";
				TEST_TARGET_NAME = Udder;
			};
			name = Debug;
		};
		3862EB7729C2453700E3DDAE /* Release */ = {
			isa = XCBuildConfiguration;
			buildSettings = {
				ALWAYS_EMBED_SWIFT_STANDARD_LIBRARIES = YES;
				CODE_SIGN_STYLE = Automatic;
				CURRENT_PROJECT_VERSION = 1;
				GENERATE_INFOPLIST_FILE = YES;
				MARKETING_VERSION = 1.0;
				PRODUCT_BUNDLE_IDENTIFIER = com.grey.UdderUITests;
				PRODUCT_NAME = "$(TARGET_NAME)";
				SWIFT_EMIT_LOC_STRINGS = NO;
				SWIFT_VERSION = 5.0;
				TARGETED_DEVICE_FAMILY = "1,2";
				TEST_TARGET_NAME = Udder;
			};
			name = Release;
		};
/* End XCBuildConfiguration section */

/* Begin XCConfigurationList section */
		3862EB4029C2453600E3DDAE /* Build configuration list for PBXProject "Udder" */ = {
			isa = XCConfigurationList;
			buildConfigurations = (
				3862EB6D29C2453700E3DDAE /* Debug */,
				3862EB6E29C2453700E3DDAE /* Release */,
			);
			defaultConfigurationIsVisible = 0;
			defaultConfigurationName = Release;
		};
		3862EB6F29C2453700E3DDAE /* Build configuration list for PBXNativeTarget "Udder" */ = {
			isa = XCConfigurationList;
			buildConfigurations = (
				3862EB7029C2453700E3DDAE /* Debug */,
				3862EB7129C2453700E3DDAE /* Release */,
			);
			defaultConfigurationIsVisible = 0;
			defaultConfigurationName = Release;
		};
		3862EB7229C2453700E3DDAE /* Build configuration list for PBXNativeTarget "UdderTests" */ = {
			isa = XCConfigurationList;
			buildConfigurations = (
				3862EB7329C2453700E3DDAE /* Debug */,
				3862EB7429C2453700E3DDAE /* Release */,
			);
			defaultConfigurationIsVisible = 0;
			defaultConfigurationName = Release;
		};
		3862EB7529C2453700E3DDAE /* Build configuration list for PBXNativeTarget "UdderUITests" */ = {
			isa = XCConfigurationList;
			buildConfigurations = (
				3862EB7629C2453700E3DDAE /* Debug */,
				3862EB7729C2453700E3DDAE /* Release */,
			);
			defaultConfigurationIsVisible = 0;
			defaultConfigurationName = Release;
		};
/* End XCConfigurationList section */
	};
	rootObject = 3862EB3D29C2453600E3DDAE /* Project object */;
}
